{
  "object": {
    "pins": [
      {
        "package": "TOCropViewController",
        "repositoryURL": "https://github.com/TimOliver/TOCropViewController.git",
        "state": {
          "branch": null,
          "revision": "d0470491f56e734731bbf77991944c0dfdee3e0e",
          "version": "2.6.1"
        }
      }
    ]
  },
  "version": 1
}
