// !$*UTF8*$!
{
	archiveVersion = 1;
	classes = {
	};
	objectVersion = 55;
	objects = {

/* Begin PBXBuildFile section */
		030A30832889944A00807DCA /* ImagePickerPresentation in Frameworks */ = {isa = PBXBuildFile; productRef = 030A30822889944A00807DCA /* ImagePickerPresentation */; };
		0326BB762881563E00542B25 /* ImageCropperApp.swift in Sources */ = {isa = PBXBuildFile; fileRef = 0326BB752881563E00542B25 /* ImageCropperApp.swift */; };
		0326BB782881563E00542B25 /* ContentView.swift in Sources */ = {isa = PBXBuildFile; fileRef = 0326BB772881563E00542B25 /* ContentView.swift */; };
		0326BB7A2881563F00542B25 /* Assets.xcassets in Resources */ = {isa = PBXBuildFile; fileRef = 0326BB792881563F00542B25 /* Assets.xcassets */; };
		0326BB7D2881563F00542B25 /* Preview Assets.xcassets in Resources */ = {isa = PBXBuildFile; fileRef = 0326BB7C2881563F00542B25 /* Preview Assets.xcassets */; };
		0326BB872881563F00542B25 /* ImageCropperTests.swift in Sources */ = {isa = PBXBuildFile; fileRef = 0326BB862881563F00542B25 /* ImageCropperTests.swift */; };
		0326BB912881563F00542B25 /* ImageCropperUITests.swift in Sources */ = {isa = PBXBuildFile; fileRef = 0326BB902881563F00542B25 /* ImageCropperUITests.swift */; };
		0326BB932881563F00542B25 /* ImageCropperUITestsLaunchTests.swift in Sources */ = {isa = PBXBuildFile; fileRef = 0326BB922881563F00542B25 /* ImageCropperUITestsLaunchTests.swift */; };
/* End PBXBuildFile section */

/* Begin PBXContainerItemProxy section */
		0326BB832881563F00542B25 /* PBXContainerItemProxy */ = {
			isa = PBXContainerItemProxy;
			containerPortal = 0326BB6A2881563E00542B25 /* Project object */;
			proxyType = 1;
			remoteGlobalIDString = 0326BB712881563E00542B25;
			remoteInfo = ImageCropper;
		};
		0326BB8D2881563F00542B25 /* PBXContainerItemProxy */ = {
			isa = PBXContainerItemProxy;
			containerPortal = 0326BB6A2881563E00542B25 /* Project object */;
			proxyType = 1;
			remoteGlobalIDString = 0326BB712881563E00542B25;
			remoteInfo = ImageCropper;
		};
/* End PBXContainerItemProxy section */

/* Begin PBXFileReference section */
		0326BB722881563E00542B25 /* ImageCropper.app */ = {isa = PBXFileReference; explicitFileType = wrapper.application; includeInIndex = 0; path = ImageCropper.app; sourceTree = BUILT_PRODUCTS_DIR; };
		0326BB752881563E00542B25 /* ImageCropperApp.swift */ = {isa = PBXFileReference; lastKnownFileType = sourcecode.swift; path = ImageCropperApp.swift; sourceTree = "<group>"; };
		0326BB772881563E00542B25 /* ContentView.swift */ = {isa = PBXFileReference; lastKnownFileType = sourcecode.swift; path = ContentView.swift; sourceTree = "<group>"; };
		0326BB792881563F00542B25 /* Assets.xcassets */ = {isa = PBXFileReference; lastKnownFileType = folder.assetcatalog; path = Assets.xcassets; sourceTree = "<group>"; };
		0326BB7C2881563F00542B25 /* Preview Assets.xcassets */ = {isa = PBXFileReference; lastKnownFileType = folder.assetcatalog; path = "Preview Assets.xcassets"; sourceTree = "<group>"; };
		0326BB822881563F00542B25 /* ImageCropperTests.xctest */ = {isa = PBXFileReference; explicitFileType = wrapper.cfbundle; includeInIndex = 0; path = ImageCropperTests.xctest; sourceTree = BUILT_PRODUCTS_DIR; };
		0326BB862881563F00542B25 /* ImageCropperTests.swift */ = {isa = PBXFileReference; lastKnownFileType = sourcecode.swift; path = ImageCropperTests.swift; sourceTree = "<group>"; };
		0326BB8C2881563F00542B25 /* ImageCropperUITests.xctest */ = {isa = PBXFileReference; explicitFileType = wrapper.cfbundle; includeInIndex = 0; path = ImageCropperUITests.xctest; sourceTree = BUILT_PRODUCTS_DIR; };
		0326BB902881563F00542B25 /* ImageCropperUITests.swift */ = {isa = PBXFileReference; lastKnownFileType = sourcecode.swift; path = ImageCropperUITests.swift; sourceTree = "<group>"; };
		0326BB922881563F00542B25 /* ImageCropperUITestsLaunchTests.swift */ = {isa = PBXFileReference; lastKnownFileType = sourcecode.swift; path = ImageCropperUITestsLaunchTests.swift; sourceTree = "<group>"; };
/* End PBXFileReference section */

/* Begin PBXFrameworksBuildPhase section */
		0326BB6F2881563E00542B25 /* Frameworks */ = {
			isa = PBXFrameworksBuildPhase;
			buildActionMask = 2147483647;
			files = (
				030A30832889944A00807DCA /* ImagePickerPresentation in Frameworks */,
			);
			runOnlyForDeploymentPostprocessing = 0;
		};
		0326BB7F2881563F00542B25 /* Frameworks */ = {
			isa = PBXFrameworksBuildPhase;
			buildActionMask = 2147483647;
			files = (
			);
			runOnlyForDeploymentPostprocessing = 0;
		};
		0326BB892881563F00542B25 /* Frameworks */ = {
			isa = PBXFrameworksBuildPhase;
			buildActionMask = 2147483647;
			files = (
			);
			runOnlyForDeploymentPostprocessing = 0;
		};
/* End PBXFrameworksBuildPhase section */

/* Begin PBXGroup section */
		0326BB692881563E00542B25 = {
			isa = PBXGroup;
			children = (
				0326BB742881563E00542B25 /* ImageCropper */,
				0326BB852881563F00542B25 /* ImageCropperTests */,
				0326BB8F2881563F00542B25 /* ImageCropperUITests */,
				0326BB732881563E00542B25 /* Products */,
			);
			sourceTree = "<group>";
		};
		0326BB732881563E00542B25 /* Products */ = {
			isa = PBXGroup;
			children = (
				0326BB722881563E00542B25 /* ImageCropper.app */,
				0326BB822881563F00542B25 /* ImageCropperTests.xctest */,
				0326BB8C2881563F00542B25 /* ImageCropperUITests.xctest */,
			);
			name = Products;
			sourceTree = "<group>";
		};
		0326BB742881563E00542B25 /* ImageCropper */ = {
			isa = PBXGroup;
			children = (
				0326BB752881563E00542B25 /* ImageCropperApp.swift */,
				0326BB772881563E00542B25 /* ContentView.swift */,
				0326BB792881563F00542B25 /* Assets.xcassets */,
				0326BB7B2881563F00542B25 /* Preview Content */,
			);
			path = ImageCropper;
			sourceTree = "<group>";
		};
		0326BB7B2881563F00542B25 /* Preview Content */ = {
			isa = PBXGroup;
			children = (
				0326BB7C2881563F00542B25 /* Preview Assets.xcassets */,
			);
			path = "Preview Content";
			sourceTree = "<group>";
		};
		0326BB852881563F00542B25 /* ImageCropperTests */ = {
			isa = PBXGroup;
			children = (
				0326BB862881563F00542B25 /* ImageCropperTests.swift */,
			);
			path = ImageCropperTests;
			sourceTree = "<group>";
		};
		0326BB8F2881563F00542B25 /* ImageCropperUITests */ = {
			isa = PBXGroup;
			children = (
				0326BB902881563F00542B25 /* ImageCropperUITests.swift */,
				0326BB922881563F00542B25 /* ImageCropperUITestsLaunchTests.swift */,
			);
			path = ImageCropperUITests;
			sourceTree = "<group>";
		};
/* End PBXGroup section */

/* Begin PBXNativeTarget section */
		0326BB712881563E00542B25 /* ImageCropper */ = {
			isa = PBXNativeTarget;
			buildConfigurationList = 0326BB962881563F00542B25 /* Build configuration list for PBXNativeTarget "ImageCropper" */;
			buildPhases = (
				0326BB6E2881563E00542B25 /* Sources */,
				0326BB6F2881563E00542B25 /* Frameworks */,
				0326BB702881563E00542B25 /* Resources */,
			);
			buildRules = (
			);
			dependencies = (
			);
			name = ImageCropper;
			packageProductDependencies = (
				030A30822889944A00807DCA /* ImagePickerPresentation */,
			);
			productName = ImageCropper;
			productReference = 0326BB722881563E00542B25 /* ImageCropper.app */;
			productType = "com.apple.product-type.application";
		};
		0326BB812881563F00542B25 /* ImageCropperTests */ = {
			isa = PBXNativeTarget;
			buildConfigurationList = 0326BB992881563F00542B25 /* Build configuration list for PBXNativeTarget "ImageCropperTests" */;
			buildPhases = (
				0326BB7E2881563F00542B25 /* Sources */,
				0326BB7F2881563F00542B25 /* Frameworks */,
				0326BB802881563F00542B25 /* Resources */,
			);
			buildRules = (
			);
			dependencies = (
				0326BB842881563F00542B25 /* PBXTargetDependency */,
			);
			name = ImageCropperTests;
			productName = ImageCropperTests;
			productReference = 0326BB822881563F00542B25 /* ImageCropperTests.xctest */;
			productType = "com.apple.product-type.bundle.unit-test";
		};
		0326BB8B2881563F00542B25 /* ImageCropperUITests */ = {
			isa = PBXNativeTarget;
			buildConfigurationList = 0326BB9C2881563F00542B25 /* Build configuration list for PBXNativeTarget "ImageCropperUITests" */;
			buildPhases = (
				0326BB882881563F00542B25 /* Sources */,
				0326BB892881563F00542B25 /* Frameworks */,
				0326BB8A2881563F00542B25 /* Resources */,
			);
			buildRules = (
			);
			dependencies = (
				0326BB8E2881563F00542B25 /* PBXTargetDependency */,
			);
			name = ImageCropperUITests;
			productName = ImageCropperUITests;
			productReference = 0326BB8C2881563F00542B25 /* ImageCropperUITests.xctest */;
			productType = "com.apple.product-type.bundle.ui-testing";
		};
/* End PBXNativeTarget section */

/* Begin PBXProject section */
		0326BB6A2881563E00542B25 /* Project object */ = {
			isa = PBXProject;
			attributes = {
				BuildIndependentTargetsInParallel = 1;
				LastSwiftUpdateCheck = 1320;
				LastUpgradeCheck = 1320;
				TargetAttributes = {
					0326BB712881563E00542B25 = {
						CreatedOnToolsVersion = 13.2.1;
					};
					0326BB812881563F00542B25 = {
						CreatedOnToolsVersion = 13.2.1;
						TestTargetID = 0326BB712881563E00542B25;
					};
					0326BB8B2881563F00542B25 = {
						CreatedOnToolsVersion = 13.2.1;
						TestTargetID = 0326BB712881563E00542B25;
					};
				};
			};
			buildConfigurationList = 0326BB6D2881563E00542B25 /* Build configuration list for PBXProject "ImageCropper" */;
			compatibilityVersion = "Xcode 13.0";
			developmentRegion = en;
			hasScannedForEncodings = 0;
			knownRegions = (
				en,
				Base,
			);
			mainGroup = 0326BB692881563E00542B25;
			packageReferences = (
				030A30812889944A00807DCA /* XCRemoteSwiftPackageReference "ImagePickerPresentation" */,
			);
			productRefGroup = 0326BB732881563E00542B25 /* Products */;
			projectDirPath = "";
			projectRoot = "";
			targets = (
				0326BB712881563E00542B25 /* ImageCropper */,
				0326BB812881563F00542B25 /* ImageCropperTests */,
				0326BB8B2881563F00542B25 /* ImageCropperUITests */,
			);
		};
/* End PBXProject section */

/* Begin PBXResourcesBuildPhase section */
		0326BB702881563E00542B25 /* Resources */ = {
			isa = PBXResourcesBuildPhase;
			buildActionMask = 2147483647;
			files = (
				0326BB7D2881563F00542B25 /* Preview Assets.xcassets in Resources */,
				0326BB7A2881563F00542B25 /* Assets.xcassets in Resources */,
			);
			runOnlyForDeploymentPostprocessing = 0;
		};
		0326BB802881563F00542B25 /* Resources */ = {
			isa = PBXResourcesBuildPhase;
			buildActionMask = 2147483647;
			files = (
			);
			runOnlyForDeploymentPostprocessing = 0;
		};
		0326BB8A2881563F00542B25 /* Resources */ = {
			isa = PBXResourcesBuildPhase;
			buildActionMask = 2147483647;
			files = (
			);
			runOnlyForDeploymentPostprocessing = 0;
		};
/* End PBXResourcesBuildPhase section */

/* Begin PBXSourcesBuildPhase section */
		0326BB6E2881563E00542B25 /* Sources */ = {
			isa = PBXSourcesBuildPhase;
			buildActionMask = 2147483647;
			files = (
				0326BB782881563E00542B25 /* ContentView.swift in Sources */,
				0326BB762881563E00542B25 /* ImageCropperApp.swift in Sources */,
			);
			runOnlyForDeploymentPostprocessing = 0;
		};
		0326BB7E2881563F00542B25 /* Sources */ = {
			isa = PBXSourcesBuildPhase;
			buildActionMask = 2147483647;
			files = (
				0326BB872881563F00542B25 /* ImageCropperTests.swift in Sources */,
			);
			runOnlyForDeploymentPostprocessing = 0;
		};
		0326BB882881563F00542B25 /* Sources */ = {
			isa = PBXSourcesBuildPhase;
			buildActionMask = 2147483647;
			files = (
				0326BB932881563F00542B25 /* ImageCropperUITestsLaunchTests.swift in Sources */,
				0326BB912881563F00542B25 /* ImageCropperUITests.swift in Sources */,
			);
			runOnlyForDeploymentPostprocessing = 0;
		};
/* End PBXSourcesBuildPhase section */

/* Begin PBXTargetDependency section */
		0326BB842881563F00542B25 /* PBXTargetDependency */ = {
			isa = PBXTargetDependency;
			target = 0326BB712881563E00542B25 /* ImageCropper */;
			targetProxy = 0326BB832881563F00542B25 /* PBXContainerItemProxy */;
		};
		0326BB8E2881563F00542B25 /* PBXTargetDependency */ = {
			isa = PBXTargetDependency;
			target = 0326BB712881563E00542B25 /* ImageCropper */;
			targetProxy = 0326BB8D2881563F00542B25 /* PBXContainerItemProxy */;
		};
/* End PBXTargetDependency section */

/* Begin XCBuildConfiguration section */
		0326BB942881563F00542B25 /* Debug */ = {
			isa = XCBuildConfiguration;
			buildSettings = {
				ALWAYS_SEARCH_USER_PATHS = NO;
				CLANG_ANALYZER_NONNULL = YES;
				CLANG_ANALYZER_NUMBER_OBJECT_CONVERSION = YES_AGGRESSIVE;
				CLANG_CXX_LANGUAGE_STANDARD = "gnu++17";
				CLANG_CXX_LIBRARY = "libc++";
				CLANG_ENABLE_MODULES = YES;
				CLANG_ENABLE_OBJC_ARC = YES;
				CLANG_ENABLE_OBJC_WEAK = YES;
				CLANG_WARN_BLOCK_CAPTURE_AUTORELEASING = YES;
				CLANG_WARN_BOOL_CONVERSION = YES;
				CLANG_WARN_COMMA = YES;
				CLANG_WARN_CONSTANT_CONVERSION = YES;
				CLANG_WARN_DEPRECATED_OBJC_IMPLEMENTATIONS = YES;
				CLANG_WARN_DIRECT_OBJC_ISA_USAGE = YES_ERROR;
				CLANG_WARN_DOCUMENTATION_COMMENTS = YES;
				CLANG_WARN_EMPTY_BODY = YES;
				CLANG_WARN_ENUM_CONVERSION = YES;
				CLANG_WARN_INFINITE_RECURSION = YES;
				CLANG_WARN_INT_CONVERSION = YES;
				CLANG_WARN_NON_LITERAL_NULL_CONVERSION = YES;
				CLANG_WARN_OBJC_IMPLICIT_RETAIN_SELF = YES;
				CLANG_WARN_OBJC_LITERAL_CONVERSION = YES;
				CLANG_WARN_OBJC_ROOT_CLASS = YES_ERROR;
				CLANG_WARN_QUOTED_INCLUDE_IN_FRAMEWORK_HEADER = YES;
				CLANG_WARN_RANGE_LOOP_ANALYSIS = YES;
				CLANG_WARN_STRICT_PROTOTYPES = YES;
				CLANG_WARN_SUSPICIOUS_MOVE = YES;
				CLANG_WARN_UNGUARDED_AVAILABILITY = YES_AGGRESSIVE;
				CLANG_WARN_UNREACHABLE_CODE = YES;
				CLANG_WARN__DUPLICATE_METHOD_MATCH = YES;
				COPY_PHASE_STRIP = NO;
				DEBUG_INFORMATION_FORMAT = dwarf;
				ENABLE_STRICT_OBJC_MSGSEND = YES;
				ENABLE_TESTABILITY = YES;
				GCC_C_LANGUAGE_STANDARD = gnu11;
				GCC_DYNAMIC_NO_PIC = NO;
				GCC_NO_COMMON_BLOCKS = YES;
				GCC_OPTIMIZATION_LEVEL = 0;
				GCC_PREPROCESSOR_DEFINITIONS = (
					"DEBUG=1",
					"$(inherited)",
				);
				GCC_WARN_64_TO_32_BIT_CONVERSION = YES;
				GCC_WARN_ABOUT_RETURN_TYPE = YES_ERROR;
				GCC_WARN_UNDECLARED_SELECTOR = YES;
				GCC_WARN_UNINITIALIZED_AUTOS = YES_AGGRESSIVE;
				GCC_WARN_UNUSED_FUNCTION = YES;
				GCC_WARN_UNUSED_VARIABLE = YES;
				IPHONEOS_DEPLOYMENT_TARGET = 15.2;
				MTL_ENABLE_DEBUG_INFO = INCLUDE_SOURCE;
				MTL_FAST_MATH = YES;
				ONLY_ACTIVE_ARCH = YES;
				SDKROOT = iphoneos;
				SWIFT_ACTIVE_COMPILATION_CONDITIONS = DEBUG;
				SWIFT_OPTIMIZATION_LEVEL = "-Onone";
			};
			name = Debug;
		};
		0326BB952881563F00542B25 /* Release */ = {
			isa = XCBuildConfiguration;
			buildSettings = {
				ALWAYS_SEARCH_USER_PATHS = NO;
				CLANG_ANALYZER_NONNULL = YES;
				CLANG_ANALYZER_NUMBER_OBJECT_CONVERSION = YES_AGGRESSIVE;
				CLANG_CXX_LANGUAGE_STANDARD = "gnu++17";
				CLANG_CXX_LIBRARY = "libc++";
				CLANG_ENABLE_MODULES = YES;
				CLANG_ENABLE_OBJC_ARC = YES;
				CLANG_ENABLE_OBJC_WEAK = YES;
				CLANG_WARN_BLOCK_CAPTURE_AUTORELEASING = YES;
				CLANG_WARN_BOOL_CONVERSION = YES;
				CLANG_WARN_COMMA = YES;
				CLANG_WARN_CONSTANT_CONVERSION = YES;
				CLANG_WARN_DEPRECATED_OBJC_IMPLEMENTATIONS = YES;
				CLANG_WARN_DIRECT_OBJC_ISA_USAGE = YES_ERROR;
				CLANG_WARN_DOCUMENTATION_COMMENTS = YES;
				CLANG_WARN_EMPTY_BODY = YES;
				CLANG_WARN_ENUM_CONVERSION = YES;
				CLANG_WARN_INFINITE_RECURSION = YES;
				CLANG_WARN_INT_CONVERSION = YES;
				CLANG_WARN_NON_LITERAL_NULL_CONVERSION = YES;
				CLANG_WARN_OBJC_IMPLICIT_RETAIN_SELF = YES;
				CLANG_WARN_OBJC_LITERAL_CONVERSION = YES;
				CLANG_WARN_OBJC_ROOT_CLASS = YES_ERROR;
				CLANG_WARN_QUOTED_INCLUDE_IN_FRAMEWORK_HEADER = YES;
				CLANG_WARN_RANGE_LOOP_ANALYSIS = YES;
				CLANG_WARN_STRICT_PROTOTYPES = YES;
				CLANG_WARN_SUSPICIOUS_MOVE = YES;
				CLANG_WARN_UNGUARDED_AVAILABILITY = YES_AGGRESSIVE;
				CLANG_WARN_UNREACHABLE_CODE = YES;
				CLANG_WARN__DUPLICATE_METHOD_MATCH = YES;
				COPY_PHASE_STRIP = NO;
				DEBUG_INFORMATION_FORMAT = "dwarf-with-dsym";
				ENABLE_NS_ASSERTIONS = NO;
				ENABLE_STRICT_OBJC_MSGSEND = YES;
				GCC_C_LANGUAGE_STANDARD = gnu11;
				GCC_NO_COMMON_BLOCKS = YES;
				GCC_WARN_64_TO_32_BIT_CONVERSION = YES;
				GCC_WARN_ABOUT_RETURN_TYPE = YES_ERROR;
				GCC_WARN_UNDECLARED_SELECTOR = YES;
				GCC_WARN_UNINITIALIZED_AUTOS = YES_AGGRESSIVE;
				GCC_WARN_UNUSED_FUNCTION = YES;
				GCC_WARN_UNUSED_VARIABLE = YES;
				IPHONEOS_DEPLOYMENT_TARGET = 15.2;
				MTL_ENABLE_DEBUG_INFO = NO;
				MTL_FAST_MATH = YES;
				SDKROOT = iphoneos;
				SWIFT_COMPILATION_MODE = wholemodule;
				SWIFT_OPTIMIZATION_LEVEL = "-O";
				VALIDATE_PRODUCT = YES;
			};
			name = Release;
		};
		0326BB972881563F00542B25 /* Debug */ = {
			isa = XCBuildConfiguration;
			buildSettings = {
				ASSETCATALOG_COMPILER_APPICON_NAME = AppIcon;
				ASSETCATALOG_COMPILER_GLOBAL_ACCENT_COLOR_NAME = AccentColor;
				CODE_SIGN_STYLE = Automatic;
				CURRENT_PROJECT_VERSION = 1;
				DEVELOPMENT_ASSET_PATHS = "\"ImageCropper/Preview Content\"";
				DEVELOPMENT_TEAM = 79XFQ8S9YT;
				ENABLE_PREVIEWS = YES;
				GENERATE_INFOPLIST_FILE = YES;
				INFOPLIST_KEY_NSCameraUsageDescription = "";
				INFOPLIST_KEY_NSPhotoLibraryAddUsageDescription = "";
				INFOPLIST_KEY_UIApplicationSceneManifest_Generation = YES;
				INFOPLIST_KEY_UIApplicationSupportsIndirectInputEvents = YES;
				INFOPLIST_KEY_UILaunchScreen_Generation = YES;
				INFOPLIST_KEY_UISupportedInterfaceOrientations_iPad = "UIInterfaceOrientationPortrait UIInterfaceOrientationPortraitUpsideDown UIInterfaceOrientationLandscapeLeft UIInterfaceOrientationLandscapeRight";
				INFOPLIST_KEY_UISupportedInterfaceOrientations_iPhone = "UIInterfaceOrientationPortrait UIInterfaceOrientationLandscapeLeft UIInterfaceOrientationLandscapeRight";
				IPHONEOS_DEPLOYMENT_TARGET = 14.0;
				LD_RUNPATH_SEARCH_PATHS = (
					"$(inherited)",
					"@executable_path/Frameworks",
				);
				MARKETING_VERSION = 1.0;
				PRODUCT_BUNDLE_IDENTIFIER = tsurumotokentaro.ImageCropper;
				PRODUCT_NAME = "$(TARGET_NAME)";
				SWIFT_EMIT_LOC_STRINGS = YES;
				SWIFT_INCLUDE_PATHS = "/Users/tsurumotokentarou/Desktop/ImagePickerPresentation/**/**";
				SWIFT_VERSION = 5.0;
				TARGETED_DEVICE_FAMILY = 1;
			};
			name = Debug;
		};
		0326BB982881563F00542B25 /* Release */ = {
			isa = XCBuildConfiguration;
			buildSettings = {
				ASSETCATALOG_COMPILER_APPICON_NAME = AppIcon;
				ASSETCATALOG_COMPILER_GLOBAL_ACCENT_COLOR_NAME = AccentColor;
				CODE_SIGN_STYLE = Automatic;
				CURRENT_PROJECT_VERSION = 1;
				DEVELOPMENT_ASSET_PATHS = "\"ImageCropper/Preview Content\"";
				DEVELOPMENT_TEAM = 79XFQ8S9YT;
				ENABLE_PREVIEWS = YES;
				GENERATE_INFOPLIST_FILE = YES;
				INFOPLIST_KEY_NSCameraUsageDescription = "";
				INFOPLIST_KEY_NSPhotoLibraryAddUsageDescription = "";
				INFOPLIST_KEY_UIApplicationSceneManifest_Generation = YES;
				INFOPLIST_KEY_UIApplicationSupportsIndirectInputEvents = YES;
				INFOPLIST_KEY_UILaunchScreen_Generation = YES;
				INFOPLIST_KEY_UISupportedInterfaceOrientations_iPad = "UIInterfaceOrientationPortrait UIInterfaceOrientationPortraitUpsideDown UIInterfaceOrientationLandscapeLeft UIInterfaceOrientationLandscapeRight";
				INFOPLIST_KEY_UISupportedInterfaceOrientations_iPhone = "UIInterfaceOrientationPortrait UIInterfaceOrientationLandscapeLeft UIInterfaceOrientationLandscapeRight";
				IPHONEOS_DEPLOYMENT_TARGET = 14.0;
				LD_RUNPATH_SEARCH_PATHS = (
					"$(inherited)",
					"@executable_path/Frameworks",
				);
				MARKETING_VERSION = 1.0;
				PRODUCT_BUNDLE_IDENTIFIER = tsurumotokentaro.ImageCropper;
				PRODUCT_NAME = "$(TARGET_NAME)";
				SWIFT_EMIT_LOC_STRINGS = YES;
				SWIFT_INCLUDE_PATHS = "/Users/tsurumotokentarou/Desktop/ImagePickerPresentation/**/**";
				SWIFT_VERSION = 5.0;
				TARGETED_DEVICE_FAMILY = 1;
			};
			name = Release;
		};
		0326BB9A2881563F00542B25 /* Debug */ = {
			isa = XCBuildConfiguration;
			buildSettings = {
				ALWAYS_EMBED_SWIFT_STANDARD_LIBRARIES = YES;
				BUNDLE_LOADER = "$(TEST_HOST)";
				CODE_SIGN_STYLE = Automatic;
				CURRENT_PROJECT_VERSION = 1;
				DEVELOPMENT_TEAM = 79XFQ8S9YT;
				GENERATE_INFOPLIST_FILE = YES;
				IPHONEOS_DEPLOYMENT_TARGET = 15.2;
				MARKETING_VERSION = 1.0;
				PRODUCT_BUNDLE_IDENTIFIER = tsurumotokentaro.ImageCropperTests;
				PRODUCT_NAME = "$(TARGET_NAME)";
				SWIFT_EMIT_LOC_STRINGS = NO;
				SWIFT_VERSION = 5.0;
				TARGETED_DEVICE_FAMILY = "1,2";
				TEST_HOST = "$(BUILT_PRODUCTS_DIR)/ImageCropper.app/ImageCropper";
			};
			name = Debug;
		};
		0326BB9B2881563F00542B25 /* Release */ = {
			isa = XCBuildConfiguration;
			buildSettings = {
				ALWAYS_EMBED_SWIFT_STANDARD_LIBRARIES = YES;
				BUNDLE_LOADER = "$(TEST_HOST)";
				CODE_SIGN_STYLE = Automatic;
				CURRENT_PROJECT_VERSION = 1;
				DEVELOPMENT_TEAM = 79XFQ8S9YT;
				GENERATE_INFOPLIST_FILE = YES;
				IPHONEOS_DEPLOYMENT_TARGET = 15.2;
				MARKETING_VERSION = 1.0;
				PRODUCT_BUNDLE_IDENTIFIER = tsurumotokentaro.ImageCropperTests;
				PRODUCT_NAME = "$(TARGET_NAME)";
				SWIFT_EMIT_LOC_STRINGS = NO;
				SWIFT_VERSION = 5.0;
				TARGETED_DEVICE_FAMILY = "1,2";
				TEST_HOST = "$(BUILT_PRODUCTS_DIR)/ImageCropper.app/ImageCropper";
			};
			name = Release;
		};
		0326BB9D2881563F00542B25 /* Debug */ = {
			isa = XCBuildConfiguration;
			buildSettings = {
				ALWAYS_EMBED_SWIFT_STANDARD_LIBRARIES = YES;
				CODE_SIGN_STYLE = Automatic;
				CURRENT_PROJECT_VERSION = 1;
				DEVELOPMENT_TEAM = 79XFQ8S9YT;
				GENERATE_INFOPLIST_FILE = YES;
				MARKETING_VERSION = 1.0;
				PRODUCT_BUNDLE_IDENTIFIER = tsurumotokentaro.ImageCropperUITests;
				PRODUCT_NAME = "$(TARGET_NAME)";
				SWIFT_EMIT_LOC_STRINGS = NO;
				SWIFT_VERSION = 5.0;
				TARGETED_DEVICE_FAMILY = "1,2";
				TEST_TARGET_NAME = ImageCropper;
			};
			name = Debug;
		};
		0326BB9E2881563F00542B25 /* Release */ = {
			isa = XCBuildConfiguration;
			buildSettings = {
				ALWAYS_EMBED_SWIFT_STANDARD_LIBRARIES = YES;
				CODE_SIGN_STYLE = Automatic;
				CURRENT_PROJECT_VERSION = 1;
				DEVELOPMENT_TEAM = 79XFQ8S9YT;
				GENERATE_INFOPLIST_FILE = YES;
				MARKETING_VERSION = 1.0;
				PRODUCT_BUNDLE_IDENTIFIER = tsurumotokentaro.ImageCropperUITests;
				PRODUCT_NAME = "$(TARGET_NAME)";
				SWIFT_EMIT_LOC_STRINGS = NO;
				SWIFT_VERSION = 5.0;
				TARGETED_DEVICE_FAMILY = "1,2";
				TEST_TARGET_NAME = ImageCropper;
			};
			name = Release;
		};
/* End XCBuildConfiguration section */

/* Begin XCConfigurationList section */
		0326BB6D2881563E00542B25 /* Build configuration list for PBXProject "ImageCropper" */ = {
			isa = XCConfigurationList;
			buildConfigurations = (
				0326BB942881563F00542B25 /* Debug */,
				0326BB952881563F00542B25 /* Release */,
			);
			defaultConfigurationIsVisible = 0;
			defaultConfigurationName = Release;
		};
		0326BB962881563F00542B25 /* Build configuration list for PBXNativeTarget "ImageCropper" */ = {
			isa = XCConfigurationList;
			buildConfigurations = (
				0326BB972881563F00542B25 /* Debug */,
				0326BB982881563F00542B25 /* Release */,
			);
			defaultConfigurationIsVisible = 0;
			defaultConfigurationName = Release;
		};
		0326BB992881563F00542B25 /* Build configuration list for PBXNativeTarget "ImageCropperTests" */ = {
			isa = XCConfigurationList;
			buildConfigurations = (
				0326BB9A2881563F00542B25 /* Debug */,
				0326BB9B2881563F00542B25 /* Release */,
			);
			defaultConfigurationIsVisible = 0;
			defaultConfigurationName = Release;
		};
		0326BB9C2881563F00542B25 /* Build configuration list for PBXNativeTarget "ImageCropperUITests" */ = {
			isa = XCConfigurationList;
			buildConfigurations = (
				0326BB9D2881563F00542B25 /* Debug */,
				0326BB9E2881563F00542B25 /* Release */,
			);
			defaultConfigurationIsVisible = 0;
			defaultConfigurationName = Release;
		};
/* End XCConfigurationList section */

/* Begin XCRemoteSwiftPackageReference section */
		030A30812889944A00807DCA /* XCRemoteSwiftPackageReference "ImagePickerPresentation" */ = {
			isa = XCRemoteSwiftPackageReference;
			repositoryURL = "git@github.com:tsuruken0802/ImagePickerPresentation.git";
			requirement = {
				branch = main;
				kind = branch;
			};
		};
/* End XCRemoteSwiftPackageReference section */

/* Begin XCSwiftPackageProductDependency section */
		030A30822889944A00807DCA /* ImagePickerPresentation */ = {
			isa = XCSwiftPackageProductDependency;
			package = 030A30812889944A00807DCA /* XCRemoteSwiftPackageReference "ImagePickerPresentation" */;
			productName = ImagePickerPresentation;
		};
/* End XCSwiftPackageProductDependency section */
	};
	rootObject = 0326BB6A2881563E00542B25 /* Project object */;
}
